// !$*UTF8*$!
{
	archiveVersion = 1;
	classes = {
	};
	objectVersion = 51;
	objects = {

/* Begin PBXBuildFile section */
		04A051712711BCF20073E237 /* AppDelegate.swift in Sources */ = {isa = PBXBuildFile; fileRef = 04A051702711BCF20073E237 /* AppDelegate.swift */; };
		04A051732711BCF20073E237 /* SceneDelegate.swift in Sources */ = {isa = PBXBuildFile; fileRef = 04A051722711BCF20073E237 /* SceneDelegate.swift */; };
		04A0517A2711BCF40073E237 /* Assets.xcassets in Resources */ = {isa = PBXBuildFile; fileRef = 04A051792711BCF40073E237 /* Assets.xcassets */; };
		04A0517D2711BCF40073E237 /* LaunchScreen.storyboard in Resources */ = {isa = PBXBuildFile; fileRef = 04A0517B2711BCF40073E237 /* LaunchScreen.storyboard */; };
		04A0518F2711BDE40073E237 /* UserListViewController.swift in Sources */ = {isa = PBXBuildFile; fileRef = 04A0518E2711BDE40073E237 /* UserListViewController.swift */; };
		04A051972711BDF40073E237 /* NetworkService.swift in Sources */ = {isa = PBXBuildFile; fileRef = 04A051922711BDF40073E237 /* NetworkService.swift */; };
		04A051992711BDF40073E237 /* Route.swift in Sources */ = {isa = PBXBuildFile; fileRef = 04A051942711BDF40073E237 /* Route.swift */; };
		04A0519B2711BDF40073E237 /* LocalErrors.swift in Sources */ = {isa = PBXBuildFile; fileRef = 04A051962711BDF40073E237 /* LocalErrors.swift */; };
		04A051A12711BE0B0073E237 /* UsersViewModel.swift in Sources */ = {isa = PBXBuildFile; fileRef = 04A0519D2711BE0B0073E237 /* UsersViewModel.swift */; };
		04A051A22711BE0B0073E237 /* User.swift in Sources */ = {isa = PBXBuildFile; fileRef = 04A0519F2711BE0B0073E237 /* User.swift */; };
		04A051A32711BE0B0073E237 /* PostDetail.swift in Sources */ = {isa = PBXBuildFile; fileRef = 04A051A02711BE0B0073E237 /* PostDetail.swift */; };
		04A051A52711BE4E0073E237 /* Main.storyboard in Resources */ = {isa = PBXBuildFile; fileRef = 04A051A42711BE4E0073E237 /* Main.storyboard */; };
		04A051A82711BE810073E237 /* UIViewController+Extension.swift in Sources */ = {isa = PBXBuildFile; fileRef = 04A051A72711BE810073E237 /* UIViewController+Extension.swift */; };
		04A051B02711ED6B0073E237 /* typicode.leaf.cer in Resources */ = {isa = PBXBuildFile; fileRef = 04A051AF2711ED6B0073E237 /* typicode.leaf.cer */; };
		987314E60263114D2676A227 /* Pods_SSL_Pinning_For_Alamofire.framework in Frameworks */ = {isa = PBXBuildFile; fileRef = 4E6BCD6E8C381DFA953BE19C /* Pods_SSL_Pinning_For_Alamofire.framework */; };
/* End PBXBuildFile section */

/* Begin PBXFileReference section */
		04A0516D2711BCF20073E237 /* SSL-Pinning-For-Alamofire.app */ = {isa = PBXFileReference; explicitFileType = wrapper.application; includeInIndex = 0; path = "SSL-Pinning-For-Alamofire.app"; sourceTree = BUILT_PRODUCTS_DIR; };
		04A051702711BCF20073E237 /* AppDelegate.swift */ = {isa = PBXFileReference; lastKnownFileType = sourcecode.swift; path = AppDelegate.swift; sourceTree = "<group>"; };
		04A051722711BCF20073E237 /* SceneDelegate.swift */ = {isa = PBXFileReference; lastKnownFileType = sourcecode.swift; path = SceneDelegate.swift; sourceTree = "<group>"; };
		04A051792711BCF40073E237 /* Assets.xcassets */ = {isa = PBXFileReference; lastKnownFileType = folder.assetcatalog; path = Assets.xcassets; sourceTree = "<group>"; };
		04A0517C2711BCF40073E237 /* Base */ = {isa = PBXFileReference; lastKnownFileType = file.storyboard; name = Base; path = Base.lproj/LaunchScreen.storyboard; sourceTree = "<group>"; };
		04A0517E2711BCF40073E237 /* Info.plist */ = {isa = PBXFileReference; lastKnownFileType = text.plist.xml; path = Info.plist; sourceTree = "<group>"; };
		04A0518E2711BDE40073E237 /* UserListViewController.swift */ = {isa = PBXFileReference; fileEncoding = 4; lastKnownFileType = sourcecode.swift; path = UserListViewController.swift; sourceTree = "<group>"; };
		04A051922711BDF40073E237 /* NetworkService.swift */ = {isa = PBXFileReference; fileEncoding = 4; lastKnownFileType = sourcecode.swift; path = NetworkService.swift; sourceTree = "<group>"; };
		04A051942711BDF40073E237 /* Route.swift */ = {isa = PBXFileReference; fileEncoding = 4; lastKnownFileType = sourcecode.swift; path = Route.swift; sourceTree = "<group>"; };
		04A051962711BDF40073E237 /* LocalErrors.swift */ = {isa = PBXFileReference; fileEncoding = 4; lastKnownFileType = sourcecode.swift; path = LocalErrors.swift; sourceTree = "<group>"; };
		04A0519D2711BE0B0073E237 /* UsersViewModel.swift */ = {isa = PBXFileReference; fileEncoding = 4; lastKnownFileType = sourcecode.swift; path = UsersViewModel.swift; sourceTree = "<group>"; };
		04A0519F2711BE0B0073E237 /* User.swift */ = {isa = PBXFileReference; fileEncoding = 4; lastKnownFileType = sourcecode.swift; path = User.swift; sourceTree = "<group>"; };
		04A051A02711BE0B0073E237 /* PostDetail.swift */ = {isa = PBXFileReference; fileEncoding = 4; lastKnownFileType = sourcecode.swift; path = PostDetail.swift; sourceTree = "<group>"; };
		04A051A42711BE4E0073E237 /* Main.storyboard */ = {isa = PBXFileReference; fileEncoding = 4; lastKnownFileType = file.storyboard; path = Main.storyboard; sourceTree = "<group>"; };
		04A051A72711BE810073E237 /* UIViewController+Extension.swift */ = {isa = PBXFileReference; fileEncoding = 4; lastKnownFileType = sourcecode.swift; path = "UIViewController+Extension.swift"; sourceTree = "<group>"; };
		04A051AF2711ED6B0073E237 /* typicode.leaf.cer */ = {isa = PBXFileReference; lastKnownFileType = file; path = typicode.leaf.cer; sourceTree = "<group>"; };
		281104940A1FA5A73C0FB98A /* Pods-SSL-Pinning-For-Alamofire.release.xcconfig */ = {isa = PBXFileReference; includeInIndex = 1; lastKnownFileType = text.xcconfig; name = "Pods-SSL-Pinning-For-Alamofire.release.xcconfig"; path = "Target Support Files/Pods-SSL-Pinning-For-Alamofire/Pods-SSL-Pinning-For-Alamofire.release.xcconfig"; sourceTree = "<group>"; };
		4E6BCD6E8C381DFA953BE19C /* Pods_SSL_Pinning_For_Alamofire.framework */ = {isa = PBXFileReference; explicitFileType = wrapper.framework; includeInIndex = 0; path = Pods_SSL_Pinning_For_Alamofire.framework; sourceTree = BUILT_PRODUCTS_DIR; };
		D4529F95697C5219A43E6C56 /* Pods-SSL-Pinning-For-Alamofire.debug.xcconfig */ = {isa = PBXFileReference; includeInIndex = 1; lastKnownFileType = text.xcconfig; name = "Pods-SSL-Pinning-For-Alamofire.debug.xcconfig"; path = "Target Support Files/Pods-SSL-Pinning-For-Alamofire/Pods-SSL-Pinning-For-Alamofire.debug.xcconfig"; sourceTree = "<group>"; };
/* End PBXFileReference section */

/* Begin PBXFrameworksBuildPhase section */
		04A0516A2711BCF20073E237 /* Frameworks */ = {
			isa = PBXFrameworksBuildPhase;
			buildActionMask = 2147483647;
			files = (
				987314E60263114D2676A227 /* Pods_SSL_Pinning_For_Alamofire.framework in Frameworks */,
			);
			runOnlyForDeploymentPostprocessing = 0;
		};
/* End PBXFrameworksBuildPhase section */

/* Begin PBXGroup section */
		04A051642711BCF10073E237 = {
			isa = PBXGroup;
			children = (
				04A0516F2711BCF20073E237 /* SSL-Pinning-For-Alamofire */,
				04A0516E2711BCF20073E237 /* Products */,
				7E720FD96B5FB518EEFCCAE3 /* Pods */,
				2D3218E6315568D48BEB2CF8 /* Frameworks */,
			);
			sourceTree = "<group>";
		};
		04A0516E2711BCF20073E237 /* Products */ = {
			isa = PBXGroup;
			children = (
				04A0516D2711BCF20073E237 /* SSL-Pinning-For-Alamofire.app */,
			);
			name = Products;
			sourceTree = "<group>";
		};
		04A0516F2711BCF20073E237 /* SSL-Pinning-For-Alamofire */ = {
			isa = PBXGroup;
			children = (
				04A051A62711BE810073E237 /* Extension */,
				04A051842711BD1C0073E237 /* Delegate */,
				04A051902711BDF40073E237 /* Service */,
				04A0519E2711BE0B0073E237 /* Model */,
				04A0519C2711BE0B0073E237 /* ViewModel */,
				04A051862711BD3F0073E237 /* Controller */,
				04A051872711BD500073E237 /* Storyboard */,
				04A051852711BD300073E237 /* Global */,
			);
			path = "SSL-Pinning-For-Alamofire";
			sourceTree = "<group>";
		};
		04A051842711BD1C0073E237 /* Delegate */ = {
			isa = PBXGroup;
			children = (
				04A051702711BCF20073E237 /* AppDelegate.swift */,
				04A051722711BCF20073E237 /* SceneDelegate.swift */,
			);
			path = Delegate;
			sourceTree = "<group>";
		};
		04A051852711BD300073E237 /* Global */ = {
			isa = PBXGroup;
			children = (
				04A051AF2711ED6B0073E237 /* typicode.leaf.cer */,
				04A051792711BCF40073E237 /* Assets.xcassets */,
				04A0517B2711BCF40073E237 /* LaunchScreen.storyboard */,
				04A0517E2711BCF40073E237 /* Info.plist */,
			);
			path = Global;
			sourceTree = "<group>";
		};
		04A051862711BD3F0073E237 /* Controller */ = {
			isa = PBXGroup;
			children = (
				04A0518E2711BDE40073E237 /* UserListViewController.swift */,
			);
			path = Controller;
			sourceTree = "<group>";
		};
		04A051872711BD500073E237 /* Storyboard */ = {
			isa = PBXGroup;
			children = (
				04A051A42711BE4E0073E237 /* Main.storyboard */,
			);
			path = Storyboard;
			sourceTree = "<group>";
		};
		04A051902711BDF40073E237 /* Service */ = {
			isa = PBXGroup;
			children = (
				04A051912711BDF40073E237 /* Network Service */,
				04A051962711BDF40073E237 /* LocalErrors.swift */,
			);
			path = Service;
			sourceTree = "<group>";
		};
		04A051912711BDF40073E237 /* Network Service */ = {
			isa = PBXGroup;
			children = (
				04A051922711BDF40073E237 /* NetworkService.swift */,
				04A051942711BDF40073E237 /* Route.swift */,
			);
			path = "Network Service";
			sourceTree = "<group>";
		};
		04A0519C2711BE0B0073E237 /* ViewModel */ = {
			isa = PBXGroup;
			children = (
				04A0519D2711BE0B0073E237 /* UsersViewModel.swift */,
			);
			path = ViewModel;
			sourceTree = "<group>";
		};
		04A0519E2711BE0B0073E237 /* Model */ = {
			isa = PBXGroup;
			children = (
				04A0519F2711BE0B0073E237 /* User.swift */,
				04A051A02711BE0B0073E237 /* PostDetail.swift */,
			);
			path = Model;
			sourceTree = "<group>";
		};
		04A051A62711BE810073E237 /* Extension */ = {
			isa = PBXGroup;
			children = (
				04A051A72711BE810073E237 /* UIViewController+Extension.swift */,
			);
			path = Extension;
			sourceTree = "<group>";
		};
		2D3218E6315568D48BEB2CF8 /* Frameworks */ = {
			isa = PBXGroup;
			children = (
				4E6BCD6E8C381DFA953BE19C /* Pods_SSL_Pinning_For_Alamofire.framework */,
			);
			name = Frameworks;
			sourceTree = "<group>";
		};
		7E720FD96B5FB518EEFCCAE3 /* Pods */ = {
			isa = PBXGroup;
			children = (
				D4529F95697C5219A43E6C56 /* Pods-SSL-Pinning-For-Alamofire.debug.xcconfig */,
				281104940A1FA5A73C0FB98A /* Pods-SSL-Pinning-For-Alamofire.release.xcconfig */,
			);
			path = Pods;
			sourceTree = "<group>";
		};
/* End PBXGroup section */

/* Begin PBXNativeTarget section */
		04A0516C2711BCF20073E237 /* SSL-Pinning-For-Alamofire */ = {
			isa = PBXNativeTarget;
			buildConfigurationList = 04A051812711BCF40073E237 /* Build configuration list for PBXNativeTarget "SSL-Pinning-For-Alamofire" */;
			buildPhases = (
				1C454E9D6B73F88C4346F526 /* [CP] Check Pods Manifest.lock */,
				04A051692711BCF20073E237 /* Sources */,
				04A0516A2711BCF20073E237 /* Frameworks */,
				04A0516B2711BCF20073E237 /* Resources */,
				04B43C0E59D7D859C062C410 /* [CP] Embed Pods Frameworks */,
			);
			buildRules = (
			);
			dependencies = (
			);
			name = "SSL-Pinning-For-Alamofire";
			productName = "SSL-Pinning-For-Alamofire";
			productReference = 04A0516D2711BCF20073E237 /* SSL-Pinning-For-Alamofire.app */;
			productType = "com.apple.product-type.application";
		};
/* End PBXNativeTarget section */

/* Begin PBXProject section */
		04A051652711BCF10073E237 /* Project object */ = {
			isa = PBXProject;
			attributes = {
				LastSwiftUpdateCheck = 1250;
				LastUpgradeCheck = 1250;
				TargetAttributes = {
					04A0516C2711BCF20073E237 = {
						CreatedOnToolsVersion = 12.5.1;
					};
				};
			};
			buildConfigurationList = 04A051682711BCF10073E237 /* Build configuration list for PBXProject "SSL-Pinning-For-Alamofire" */;
			compatibilityVersion = "Xcode 9.3";
			developmentRegion = en;
			hasScannedForEncodings = 0;
			knownRegions = (
				en,
				Base,
			);
			mainGroup = 04A051642711BCF10073E237;
			productRefGroup = 04A0516E2711BCF20073E237 /* Products */;
			projectDirPath = "";
			projectRoot = "";
			targets = (
				04A0516C2711BCF20073E237 /* SSL-Pinning-For-Alamofire */,
			);
		};
/* End PBXProject section */

/* Begin PBXResourcesBuildPhase section */
		04A0516B2711BCF20073E237 /* Resources */ = {
			isa = PBXResourcesBuildPhase;
			buildActionMask = 2147483647;
			files = (
				04A051B02711ED6B0073E237 /* typicode.leaf.cer in Resources */,
				04A0517D2711BCF40073E237 /* LaunchScreen.storyboard in Resources */,
				04A0517A2711BCF40073E237 /* Assets.xcassets in Resources */,
				04A051A52711BE4E0073E237 /* Main.storyboard in Resources */,
			);
			runOnlyForDeploymentPostprocessing = 0;
		};
/* End PBXResourcesBuildPhase section */

/* Begin PBXShellScriptBuildPhase section */
		04B43C0E59D7D859C062C410 /* [CP] Embed Pods Frameworks */ = {
			isa = PBXShellScriptBuildPhase;
			buildActionMask = 2147483647;
			files = (
			);
			inputFileListPaths = (
				"${PODS_ROOT}/Target Support Files/Pods-SSL-Pinning-For-Alamofire/Pods-SSL-Pinning-For-Alamofire-frameworks-${CONFIGURATION}-input-files.xcfilelist",
			);
			name = "[CP] Embed Pods Frameworks";
			outputFileListPaths = (
				"${PODS_ROOT}/Target Support Files/Pods-SSL-Pinning-For-Alamofire/Pods-SSL-Pinning-For-Alamofire-frameworks-${CONFIGURATION}-output-files.xcfilelist",
			);
			runOnlyForDeploymentPostprocessing = 0;
			shellPath = /bin/sh;
			shellScript = "\"${PODS_ROOT}/Target Support Files/Pods-SSL-Pinning-For-Alamofire/Pods-SSL-Pinning-For-Alamofire-frameworks.sh\"\n";
			showEnvVarsInLog = 0;
		};
		1C454E9D6B73F88C4346F526 /* [CP] Check Pods Manifest.lock */ = {
			isa = PBXShellScriptBuildPhase;
			buildActionMask = 2147483647;
			files = (
			);
			inputFileListPaths = (
			);
			inputPaths = (
				"${PODS_PODFILE_DIR_PATH}/Podfile.lock",
				"${PODS_ROOT}/Manifest.lock",
			);
			name = "[CP] Check Pods Manifest.lock";
			outputFileListPaths = (
			);
			outputPaths = (
				"$(DERIVED_FILE_DIR)/Pods-SSL-Pinning-For-Alamofire-checkManifestLockResult.txt",
			);
			runOnlyForDeploymentPostprocessing = 0;
			shellPath = /bin/sh;
			shellScript = "diff \"${PODS_PODFILE_DIR_PATH}/Podfile.lock\" \"${PODS_ROOT}/Manifest.lock\" > /dev/null\nif [ $? != 0 ] ; then\n    # print error to STDERR\n    echo \"error: The sandbox is not in sync with the Podfile.lock. Run 'pod install' or update your CocoaPods installation.\" >&2\n    exit 1\nfi\n# This output is used by Xcode 'outputs' to avoid re-running this script phase.\necho \"SUCCESS\" > \"${SCRIPT_OUTPUT_FILE_0}\"\n";
			showEnvVarsInLog = 0;
		};
/* End PBXShellScriptBuildPhase section */

/* Begin PBXSourcesBuildPhase section */
		04A051692711BCF20073E237 /* Sources */ = {
			isa = PBXSourcesBuildPhase;
			buildActionMask = 2147483647;
			files = (
				04A051A82711BE810073E237 /* UIViewController+Extension.swift in Sources */,
				04A051972711BDF40073E237 /* NetworkService.swift in Sources */,
				04A051A32711BE0B0073E237 /* PostDetail.swift in Sources */,
				04A0518F2711BDE40073E237 /* UserListViewController.swift in Sources */,
				04A0519B2711BDF40073E237 /* LocalErrors.swift in Sources */,
				04A051712711BCF20073E237 /* AppDelegate.swift in Sources */,
				04A051992711BDF40073E237 /* Route.swift in Sources */,
				04A051732711BCF20073E237 /* SceneDelegate.swift in Sources */,
				04A051A12711BE0B0073E237 /* UsersViewModel.swift in Sources */,
				04A051A22711BE0B0073E237 /* User.swift in Sources */,
			);
			runOnlyForDeploymentPostprocessing = 0;
		};
/* End PBXSourcesBuildPhase section */

/* Begin PBXVariantGroup section */
		04A0517B2711BCF40073E237 /* LaunchScreen.storyboard */ = {
			isa = PBXVariantGroup;
			children = (
				04A0517C2711BCF40073E237 /* Base */,
			);
			name = LaunchScreen.storyboard;
			sourceTree = "<group>";
		};
/* End PBXVariantGroup section */

/* Begin XCBuildConfiguration section */
		04A0517F2711BCF40073E237 /* Debug */ = {
			isa = XCBuildConfiguration;
			buildSettings = {
				ALWAYS_SEARCH_USER_PATHS = NO;
				CLANG_ANALYZER_NONNULL = YES;
				CLANG_ANALYZER_NUMBER_OBJECT_CONVERSION = YES_AGGRESSIVE;
				CLANG_CXX_LANGUAGE_STANDARD = "gnu++14";
				CLANG_CXX_LIBRARY = "libc++";
				CLANG_ENABLE_MODULES = YES;
				CLANG_ENABLE_OBJC_ARC = YES;
				CLANG_ENABLE_OBJC_WEAK = YES;
				CLANG_WARN_BLOCK_CAPTURE_AUTORELEASING = YES;
				CLANG_WARN_BOOL_CONVERSION = YES;
				CLANG_WARN_COMMA = YES;
				CLANG_WARN_CONSTANT_CONVERSION = YES;
				CLANG_WARN_DEPRECATED_OBJC_IMPLEMENTATIONS = YES;
				CLANG_WARN_DIRECT_OBJC_ISA_USAGE = YES_ERROR;
				CLANG_WARN_DOCUMENTATION_COMMENTS = YES;
				CLANG_WARN_EMPTY_BODY = YES;
				CLANG_WARN_ENUM_CONVERSION = YES;
				CLANG_WARN_INFINITE_RECURSION = YES;
				CLANG_WARN_INT_CONVERSION = YES;
				CLANG_WARN_NON_LITERAL_NULL_CONVERSION = YES;
				CLANG_WARN_OBJC_IMPLICIT_RETAIN_SELF = YES;
				CLANG_WARN_OBJC_LITERAL_CONVERSION = YES;
				CLANG_WARN_OBJC_ROOT_CLASS = YES_ERROR;
				CLANG_WARN_QUOTED_INCLUDE_IN_FRAMEWORK_HEADER = YES;
				CLANG_WARN_RANGE_LOOP_ANALYSIS = YES;
				CLANG_WARN_STRICT_PROTOTYPES = YES;
				CLANG_WARN_SUSPICIOUS_MOVE = YES;
				CLANG_WARN_UNGUARDED_AVAILABILITY = YES_AGGRESSIVE;
				CLANG_WARN_UNREACHABLE_CODE = YES;
				CLANG_WARN__DUPLICATE_METHOD_MATCH = YES;
				COPY_PHASE_STRIP = NO;
				DEBUG_INFORMATION_FORMAT = dwarf;
				ENABLE_STRICT_OBJC_MSGSEND = YES;
				ENABLE_TESTABILITY = YES;
				GCC_C_LANGUAGE_STANDARD = gnu11;
				GCC_DYNAMIC_NO_PIC = NO;
				GCC_NO_COMMON_BLOCKS = YES;
				GCC_OPTIMIZATION_LEVEL = 0;
				GCC_PREPROCESSOR_DEFINITIONS = (
					"DEBUG=1",
					"$(inherited)",
				);
				GCC_WARN_64_TO_32_BIT_CONVERSION = YES;
				GCC_WARN_ABOUT_RETURN_TYPE = YES_ERROR;
				GCC_WARN_UNDECLARED_SELECTOR = YES;
				GCC_WARN_UNINITIALIZED_AUTOS = YES_AGGRESSIVE;
				GCC_WARN_UNUSED_FUNCTION = YES;
				GCC_WARN_UNUSED_VARIABLE = YES;
				IPHONEOS_DEPLOYMENT_TARGET = 14.5;
				MTL_ENABLE_DEBUG_INFO = INCLUDE_SOURCE;
				MTL_FAST_MATH = YES;
				ONLY_ACTIVE_ARCH = YES;
				SDKROOT = iphoneos;
				SWIFT_ACTIVE_COMPILATION_CONDITIONS = DEBUG;
				SWIFT_OPTIMIZATION_LEVEL = "-Onone";
			};
			name = Debug;
		};
		04A051802711BCF40073E237 /* Release */ = {
			isa = XCBuildConfiguration;
			buildSettings = {
				ALWAYS_SEARCH_USER_PATHS = NO;
				CLANG_ANALYZER_NONNULL = YES;
				CLANG_ANALYZER_NUMBER_OBJECT_CONVERSION = YES_AGGRESSIVE;
				CLANG_CXX_LANGUAGE_STANDARD = "gnu++14";
				CLANG_CXX_LIBRARY = "libc++";
				CLANG_ENABLE_MODULES = YES;
				CLANG_ENABLE_OBJC_ARC = YES;
				CLANG_ENABLE_OBJC_WEAK = YES;
				CLANG_WARN_BLOCK_CAPTURE_AUTORELEASING = YES;
				CLANG_WARN_BOOL_CONVERSION = YES;
				CLANG_WARN_COMMA = YES;
				CLANG_WARN_CONSTANT_CONVERSION = YES;
				CLANG_WARN_DEPRECATED_OBJC_IMPLEMENTATIONS = YES;
				CLANG_WARN_DIRECT_OBJC_ISA_USAGE = YES_ERROR;
				CLANG_WARN_DOCUMENTATION_COMMENTS = YES;
				CLANG_WARN_EMPTY_BODY = YES;
				CLANG_WARN_ENUM_CONVERSION = YES;
				CLANG_WARN_INFINITE_RECURSION = YES;
				CLANG_WARN_INT_CONVERSION = YES;
				CLANG_WARN_NON_LITERAL_NULL_CONVERSION = YES;
				CLANG_WARN_OBJC_IMPLICIT_RETAIN_SELF = YES;
				CLANG_WARN_OBJC_LITERAL_CONVERSION = YES;
				CLANG_WARN_OBJC_ROOT_CLASS = YES_ERROR;
				CLANG_WARN_QUOTED_INCLUDE_IN_FRAMEWORK_HEADER = YES;
				CLANG_WARN_RANGE_LOOP_ANALYSIS = YES;
				CLANG_WARN_STRICT_PROTOTYPES = YES;
				CLANG_WARN_SUSPICIOUS_MOVE = YES;
				CLANG_WARN_UNGUARDED_AVAILABILITY = YES_AGGRESSIVE;
				CLANG_WARN_UNREACHABLE_CODE = YES;
				CLANG_WARN__DUPLICATE_METHOD_MATCH = YES;
				COPY_PHASE_STRIP = NO;
				DEBUG_INFORMATION_FORMAT = "dwarf-with-dsym";
				ENABLE_NS_ASSERTIONS = NO;
				ENABLE_STRICT_OBJC_MSGSEND = YES;
				GCC_C_LANGUAGE_STANDARD = gnu11;
				GCC_NO_COMMON_BLOCKS = YES;
				GCC_WARN_64_TO_32_BIT_CONVERSION = YES;
				GCC_WARN_ABOUT_RETURN_TYPE = YES_ERROR;
				GCC_WARN_UNDECLARED_SELECTOR = YES;
				GCC_WARN_UNINITIALIZED_AUTOS = YES_AGGRESSIVE;
				GCC_WARN_UNUSED_FUNCTION = YES;
				GCC_WARN_UNUSED_VARIABLE = YES;
				IPHONEOS_DEPLOYMENT_TARGET = 14.5;
				MTL_ENABLE_DEBUG_INFO = NO;
				MTL_FAST_MATH = YES;
				SDKROOT = iphoneos;
				SWIFT_COMPILATION_MODE = wholemodule;
				SWIFT_OPTIMIZATION_LEVEL = "-O";
				VALIDATE_PRODUCT = YES;
			};
			name = Release;
		};
		04A051822711BCF40073E237 /* Debug */ = {
			isa = XCBuildConfiguration;
			baseConfigurationReference = D4529F95697C5219A43E6C56 /* Pods-SSL-Pinning-For-Alamofire.debug.xcconfig */;
			buildSettings = {
				ASSETCATALOG_COMPILER_APPICON_NAME = AppIcon;
				ASSETCATALOG_COMPILER_GLOBAL_ACCENT_COLOR_NAME = AccentColor;
				CODE_SIGN_STYLE = Automatic;
				INFOPLIST_FILE = "SSL-Pinning-For-Alamofire/Global/Info.plist";
				IPHONEOS_DEPLOYMENT_TARGET = 12.1;
				LD_RUNPATH_SEARCH_PATHS = (
					"$(inherited)",
					"@executable_path/Frameworks",
				);
				PRODUCT_BUNDLE_IDENTIFIER = "Sparkout-Tech-Solution.SSL-Pinning-For-Alamofire";
				PRODUCT_NAME = "$(TARGET_NAME)";
				SWIFT_VERSION = 5.0;
				TARGETED_DEVICE_FAMILY = 1;
			};
			name = Debug;
		};
		04A051832711BCF40073E237 /* Release */ = {
			isa = XCBuildConfiguration;
			baseConfigurationReference = 281104940A1FA5A73C0FB98A /* Pods-SSL-Pinning-For-Alamofire.release.xcconfig */;
			buildSettings = {
				ASSETCATALOG_COMPILER_APPICON_NAME = AppIcon;
				ASSETCATALOG_COMPILER_GLOBAL_ACCENT_COLOR_NAME = AccentColor;
				CODE_SIGN_STYLE = Automatic;
				INFOPLIST_FILE = "SSL-Pinning-For-Alamofire/Global/Info.plist";
				IPHONEOS_DEPLOYMENT_TARGET = 12.1;
				LD_RUNPATH_SEARCH_PATHS = (
					"$(inherited)",
					"@executable_path/Frameworks",
				);
				PRODUCT_BUNDLE_IDENTIFIER = "Sparkout-Tech-Solution.SSL-Pinning-For-Alamofire";
				PRODUCT_NAME = "$(TARGET_NAME)";
				SWIFT_VERSION = 5.0;
				TARGETED_DEVICE_FAMILY = 1;
			};
			name = Release;
		};
/* End XCBuildConfiguration section */

/* Begin XCConfigurationList section */
		04A051682711BCF10073E237 /* Build configuration list for PBXProject "SSL-Pinning-For-Alamofire" */ = {
			isa = XCConfigurationList;
			buildConfigurations = (
				04A0517F2711BCF40073E237 /* Debug */,
				04A051802711BCF40073E237 /* Release */,
			);
			defaultConfigurationIsVisible = 0;
			defaultConfigurationName = Release;
		};
		04A051812711BCF40073E237 /* Build configuration list for PBXNativeTarget "SSL-Pinning-For-Alamofire" */ = {
			isa = XCConfigurationList;
			buildConfigurations = (
				04A051822711BCF40073E237 /* Debug */,
				04A051832711BCF40073E237 /* Release */,
			);
			defaultConfigurationIsVisible = 0;
			defaultConfigurationName = Release;
		};
/* End XCConfigurationList section */
	};
	rootObject = 04A051652711BCF10073E237 /* Project object */;
}
